// !$*UTF8*$!
{
	archiveVersion = 1;
	classes = {
	};
	objectVersion = 54;
	objects = {

/* Begin PBXBuildFile section */
		00E356F31AD99517003FC87E /* isthisteamTests.m in Sources */ = {isa = PBXBuildFile; fileRef = 00E356F21AD99517003FC87E /* isthisteamTests.m */; };
		0C80B921A6F3F58F76C31292 /* libPods-isthisteam.a in Frameworks */ = {isa = PBXBuildFile; fileRef = 5DCACB8F33CDC322A6C60F78 /* libPods-isthisteam.a */; };
		13B07FBC1A68108700A75B9A /* AppDelegate.mm in Sources */ = {isa = PBXBuildFile; fileRef = 13B07FB01A68108700A75B9A /* AppDelegate.mm */; };
		13B07FBF1A68108700A75B9A /* Images.xcassets in Resources */ = {isa = PBXBuildFile; fileRef = 13B07FB51A68108700A75B9A /* Images.xcassets */; };
		13B07FC11A68108700A75B9A /* main.m in Sources */ = {isa = PBXBuildFile; fileRef = 13B07FB71A68108700A75B9A /* main.m */; };
		7699B88040F8A987B510C191 /* libPods-isthisteam-isthisteamTests.a in Frameworks */ = {isa = PBXBuildFile; fileRef = 19F6CBCC0A4E27FBF8BF4A61 /* libPods-isthisteam-isthisteamTests.a */; };
		81AB9BB82411601600AC10FF /* LaunchScreen.storyboard in Resources */ = {isa = PBXBuildFile; fileRef = 81AB9BB72411601600AC10FF /* LaunchScreen.storyboard */; };
		26E85EA0FCAA4DF4982A154B /* SpoqaHanSansNeo-Bold.otf in Resources */ = {isa = PBXBuildFile; fileRef = 0633ED8DA641488B9FCF3169 /* SpoqaHanSansNeo-Bold.otf */; };
		351126135FC34054A6206E6A /* SpoqaHanSansNeo-Light.otf in Resources */ = {isa = PBXBuildFile; fileRef = 5118D488FA6D4BBF9B08E090 /* SpoqaHanSansNeo-Light.otf */; };
		DBF506569159447A99C94597 /* SpoqaHanSansNeo-Medium.otf in Resources */ = {isa = PBXBuildFile; fileRef = 04F6D5D380234D3AB7CF72B4 /* SpoqaHanSansNeo-Medium.otf */; };
		8B4AFD578BE84ADCB306E855 /* SpoqaHanSansNeo-Regular.otf in Resources */ = {isa = PBXBuildFile; fileRef = 16E4054AA3754D058DBA5A2A /* SpoqaHanSansNeo-Regular.otf */; };
		77246D59781040F380FEE6A2 /* SpoqaHanSansNeo-Thin.otf in Resources */ = {isa = PBXBuildFile; fileRef = 55E0200B8EA9472F88A11CCC /* SpoqaHanSansNeo-Thin.otf */; };
		7AAEEE999B714E94AA5EA392 /* SpoqaHanSansNeo-Bold.ttf in Resources */ = {isa = PBXBuildFile; fileRef = 78EBF00DF92D4792AF63ACB5 /* SpoqaHanSansNeo-Bold.ttf */; };
		EDC5CD2D077842D68EC22202 /* SpoqaHanSansNeo-Light.ttf in Resources */ = {isa = PBXBuildFile; fileRef = 9AB826FEBC0D496CA1D126C8 /* SpoqaHanSansNeo-Light.ttf */; };
		B0342AB7DC3541A3B6096030 /* SpoqaHanSansNeo-Medium.ttf in Resources */ = {isa = PBXBuildFile; fileRef = 72C643A23C7B4568AF01DCF8 /* SpoqaHanSansNeo-Medium.ttf */; };
		A8E1E1FF1ACE46C29059EA7A /* SpoqaHanSansNeo-Regular.ttf in Resources */ = {isa = PBXBuildFile; fileRef = D6D91EC89FAB4347AEB2967A /* SpoqaHanSansNeo-Regular.ttf */; };
		A326BB60B10E4F67B0EE8543 /* SpoqaHanSansNeo-Thin.ttf in Resources */ = {isa = PBXBuildFile; fileRef = 623A6D50CBC04C958D254244 /* SpoqaHanSansNeo-Thin.ttf */; };
		82EAFDF2C2574967BF2851E2 /* LICENSE in Resources */ = {isa = PBXBuildFile; fileRef = 5916E5613BD84A8DAC8FD0AD /* LICENSE */; };
		8F4E7CE6FEDE40BDA57F36D2 /* SpoqaHanSansNeo-Bold.eot in Resources */ = {isa = PBXBuildFile; fileRef = 9BAF0F73B80D4F4D86F477B5 /* SpoqaHanSansNeo-Bold.eot */; };
		2988F19C6C024B988E4831F9 /* SpoqaHanSansNeo-Bold.woff in Resources */ = {isa = PBXBuildFile; fileRef = 052EBBEF19D147E99BDDE64A /* SpoqaHanSansNeo-Bold.woff */; };
		452FFAE85E2F42C89D106191 /* SpoqaHanSansNeo-Bold.woff2 in Resources */ = {isa = PBXBuildFile; fileRef = B2F98C28B85E484C8BA01FF0 /* SpoqaHanSansNeo-Bold.woff2 */; };
		84F5C39A8C0A4EE2874A5A1D /* SpoqaHanSansNeo-Light.eot in Resources */ = {isa = PBXBuildFile; fileRef = FF6915BF97E744EEBC2BD203 /* SpoqaHanSansNeo-Light.eot */; };
		C4C3E81076BD4FD9BF17EDCF /* SpoqaHanSansNeo-Light.woff in Resources */ = {isa = PBXBuildFile; fileRef = 0114B18EBD5F43C9B8106B2A /* SpoqaHanSansNeo-Light.woff */; };
		AE443A6828C442B79D7E0C14 /* SpoqaHanSansNeo-Light.woff2 in Resources */ = {isa = PBXBuildFile; fileRef = 55A1AD6A22B24C3BA0907D4D /* SpoqaHanSansNeo-Light.woff2 */; };
		A952868832374B3DA1996989 /* SpoqaHanSansNeo-Medium.eot in Resources */ = {isa = PBXBuildFile; fileRef = 9DD9C429183646738EABD4E6 /* SpoqaHanSansNeo-Medium.eot */; };
		C9C00EA704074ACE8CF2C5D1 /* SpoqaHanSansNeo-Medium.woff in Resources */ = {isa = PBXBuildFile; fileRef = 1F94385ECBA7495889863A26 /* SpoqaHanSansNeo-Medium.woff */; };
		5DDE984088744F2F98557C93 /* SpoqaHanSansNeo-Medium.woff2 in Resources */ = {isa = PBXBuildFile; fileRef = 32079EB57FBB4239965D93F2 /* SpoqaHanSansNeo-Medium.woff2 */; };
		32C3BE2724844330B1C0F17A /* SpoqaHanSansNeo-Regular.eot in Resources */ = {isa = PBXBuildFile; fileRef = 7A6592789DA74F1DB7916D2D /* SpoqaHanSansNeo-Regular.eot */; };
		501825166F7845B5899CE12B /* SpoqaHanSansNeo-Regular.woff in Resources */ = {isa = PBXBuildFile; fileRef = 4EACFCF054014F1181D4A907 /* SpoqaHanSansNeo-Regular.woff */; };
		BDBC9079F4EB411D867893A8 /* SpoqaHanSansNeo-Regular.woff2 in Resources */ = {isa = PBXBuildFile; fileRef = 02FD1CCCB94D42E2A430B92D /* SpoqaHanSansNeo-Regular.woff2 */; };
		2A8982D0FE6C4FAABFD2386C /* SpoqaHanSansNeo-Thin.eot in Resources */ = {isa = PBXBuildFile; fileRef = 60274C68A6C84F89A71DC62D /* SpoqaHanSansNeo-Thin.eot */; };
		0872298DF15043409141ADC1 /* SpoqaHanSansNeo-Thin.woff in Resources */ = {isa = PBXBuildFile; fileRef = F47A7D3B5AFC44C99F58D50A /* SpoqaHanSansNeo-Thin.woff */; };
		1C5D8D9896AD4AA696218309 /* SpoqaHanSansNeo-Thin.woff2 in Resources */ = {isa = PBXBuildFile; fileRef = 417611DBCDE64C1FAAECE495 /* SpoqaHanSansNeo-Thin.woff2 */; };
/* End PBXBuildFile section */

/* Begin PBXContainerItemProxy section */
		00E356F41AD99517003FC87E /* PBXContainerItemProxy */ = {
			isa = PBXContainerItemProxy;
			containerPortal = 83CBB9F71A601CBA00E9B192 /* Project object */;
			proxyType = 1;
			remoteGlobalIDString = 13B07F861A680F5B00A75B9A;
			remoteInfo = isthisteam;
		};
/* End PBXContainerItemProxy section */

/* Begin PBXFileReference section */
		00E356EE1AD99517003FC87E /* isthisteamTests.xctest */ = {isa = PBXFileReference; explicitFileType = wrapper.cfbundle; includeInIndex = 0; path = isthisteamTests.xctest; sourceTree = BUILT_PRODUCTS_DIR; };
		00E356F11AD99517003FC87E /* Info.plist */ = {isa = PBXFileReference; lastKnownFileType = text.plist.xml; path = Info.plist; sourceTree = "<group>"; };
		00E356F21AD99517003FC87E /* isthisteamTests.m */ = {isa = PBXFileReference; lastKnownFileType = sourcecode.c.objc; path = isthisteamTests.m; sourceTree = "<group>"; };
		13B07F961A680F5B00A75B9A /* isthisteam.app */ = {isa = PBXFileReference; explicitFileType = wrapper.application; includeInIndex = 0; path = isthisteam.app; sourceTree = BUILT_PRODUCTS_DIR; };
		13B07FAF1A68108700A75B9A /* AppDelegate.h */ = {isa = PBXFileReference; fileEncoding = 4; lastKnownFileType = sourcecode.c.h; name = AppDelegate.h; path = isthisteam/AppDelegate.h; sourceTree = "<group>"; };
		13B07FB01A68108700A75B9A /* AppDelegate.mm */ = {isa = PBXFileReference; fileEncoding = 4; lastKnownFileType = sourcecode.cpp.objcpp; name = AppDelegate.mm; path = isthisteam/AppDelegate.mm; sourceTree = "<group>"; };
		13B07FB51A68108700A75B9A /* Images.xcassets */ = {isa = PBXFileReference; lastKnownFileType = folder.assetcatalog; name = Images.xcassets; path = isthisteam/Images.xcassets; sourceTree = "<group>"; };
		13B07FB61A68108700A75B9A /* Info.plist */ = {isa = PBXFileReference; fileEncoding = 4; lastKnownFileType = text.plist.xml; name = Info.plist; path = isthisteam/Info.plist; sourceTree = "<group>"; };
		13B07FB71A68108700A75B9A /* main.m */ = {isa = PBXFileReference; fileEncoding = 4; lastKnownFileType = sourcecode.c.objc; name = main.m; path = isthisteam/main.m; sourceTree = "<group>"; };
		19F6CBCC0A4E27FBF8BF4A61 /* libPods-isthisteam-isthisteamTests.a */ = {isa = PBXFileReference; explicitFileType = archive.ar; includeInIndex = 0; path = "libPods-isthisteam-isthisteamTests.a"; sourceTree = BUILT_PRODUCTS_DIR; };
		3B4392A12AC88292D35C810B /* Pods-isthisteam.debug.xcconfig */ = {isa = PBXFileReference; includeInIndex = 1; lastKnownFileType = text.xcconfig; name = "Pods-isthisteam.debug.xcconfig"; path = "Target Support Files/Pods-isthisteam/Pods-isthisteam.debug.xcconfig"; sourceTree = "<group>"; };
		5709B34CF0A7D63546082F79 /* Pods-isthisteam.release.xcconfig */ = {isa = PBXFileReference; includeInIndex = 1; lastKnownFileType = text.xcconfig; name = "Pods-isthisteam.release.xcconfig"; path = "Target Support Files/Pods-isthisteam/Pods-isthisteam.release.xcconfig"; sourceTree = "<group>"; };
		5B7EB9410499542E8C5724F5 /* Pods-isthisteam-isthisteamTests.debug.xcconfig */ = {isa = PBXFileReference; includeInIndex = 1; lastKnownFileType = text.xcconfig; name = "Pods-isthisteam-isthisteamTests.debug.xcconfig"; path = "Target Support Files/Pods-isthisteam-isthisteamTests/Pods-isthisteam-isthisteamTests.debug.xcconfig"; sourceTree = "<group>"; };
		5DCACB8F33CDC322A6C60F78 /* libPods-isthisteam.a */ = {isa = PBXFileReference; explicitFileType = archive.ar; includeInIndex = 0; path = "libPods-isthisteam.a"; sourceTree = BUILT_PRODUCTS_DIR; };
		81AB9BB72411601600AC10FF /* LaunchScreen.storyboard */ = {isa = PBXFileReference; fileEncoding = 4; lastKnownFileType = file.storyboard; name = LaunchScreen.storyboard; path = isthisteam/LaunchScreen.storyboard; sourceTree = "<group>"; };
		89C6BE57DB24E9ADA2F236DE /* Pods-isthisteam-isthisteamTests.release.xcconfig */ = {isa = PBXFileReference; includeInIndex = 1; lastKnownFileType = text.xcconfig; name = "Pods-isthisteam-isthisteamTests.release.xcconfig"; path = "Target Support Files/Pods-isthisteam-isthisteamTests/Pods-isthisteam-isthisteamTests.release.xcconfig"; sourceTree = "<group>"; };
		ED297162215061F000B7C4FE /* JavaScriptCore.framework */ = {isa = PBXFileReference; lastKnownFileType = wrapper.framework; name = JavaScriptCore.framework; path = System/Library/Frameworks/JavaScriptCore.framework; sourceTree = SDKROOT; };
		0633ED8DA641488B9FCF3169 /* SpoqaHanSansNeo-Bold.otf */ = {isa = PBXFileReference; name = "SpoqaHanSansNeo-Bold.otf"; path = "../android/app/assets/fonts/SpoqaHanSansNeo_OTF_original/SpoqaHanSansNeo-Bold.otf"; sourceTree = "<group>"; fileEncoding = undefined; lastKnownFileType = unknown; explicitFileType = undefined; includeInIndex = 0; };
		5118D488FA6D4BBF9B08E090 /* SpoqaHanSansNeo-Light.otf */ = {isa = PBXFileReference; name = "SpoqaHanSansNeo-Light.otf"; path = "../android/app/assets/fonts/SpoqaHanSansNeo_OTF_original/SpoqaHanSansNeo-Light.otf"; sourceTree = "<group>"; fileEncoding = undefined; lastKnownFileType = unknown; explicitFileType = undefined; includeInIndex = 0; };
		04F6D5D380234D3AB7CF72B4 /* SpoqaHanSansNeo-Medium.otf */ = {isa = PBXFileReference; name = "SpoqaHanSansNeo-Medium.otf"; path = "../android/app/assets/fonts/SpoqaHanSansNeo_OTF_original/SpoqaHanSansNeo-Medium.otf"; sourceTree = "<group>"; fileEncoding = undefined; lastKnownFileType = unknown; explicitFileType = undefined; includeInIndex = 0; };
		16E4054AA3754D058DBA5A2A /* SpoqaHanSansNeo-Regular.otf */ = {isa = PBXFileReference; name = "SpoqaHanSansNeo-Regular.otf"; path = "../android/app/assets/fonts/SpoqaHanSansNeo_OTF_original/SpoqaHanSansNeo-Regular.otf"; sourceTree = "<group>"; fileEncoding = undefined; lastKnownFileType = unknown; explicitFileType = undefined; includeInIndex = 0; };
		55E0200B8EA9472F88A11CCC /* SpoqaHanSansNeo-Thin.otf */ = {isa = PBXFileReference; name = "SpoqaHanSansNeo-Thin.otf"; path = "../android/app/assets/fonts/SpoqaHanSansNeo_OTF_original/SpoqaHanSansNeo-Thin.otf"; sourceTree = "<group>"; fileEncoding = undefined; lastKnownFileType = unknown; explicitFileType = undefined; includeInIndex = 0; };
		78EBF00DF92D4792AF63ACB5 /* SpoqaHanSansNeo-Bold.ttf */ = {isa = PBXFileReference; name = "SpoqaHanSansNeo-Bold.ttf"; path = "../android/app/assets/fonts/SpoqaHanSansNeo_TTF_original/SpoqaHanSansNeo-Bold.ttf"; sourceTree = "<group>"; fileEncoding = undefined; lastKnownFileType = unknown; explicitFileType = undefined; includeInIndex = 0; };
		9AB826FEBC0D496CA1D126C8 /* SpoqaHanSansNeo-Light.ttf */ = {isa = PBXFileReference; name = "SpoqaHanSansNeo-Light.ttf"; path = "../android/app/assets/fonts/SpoqaHanSansNeo_TTF_original/SpoqaHanSansNeo-Light.ttf"; sourceTree = "<group>"; fileEncoding = undefined; lastKnownFileType = unknown; explicitFileType = undefined; includeInIndex = 0; };
		72C643A23C7B4568AF01DCF8 /* SpoqaHanSansNeo-Medium.ttf */ = {isa = PBXFileReference; name = "SpoqaHanSansNeo-Medium.ttf"; path = "../android/app/assets/fonts/SpoqaHanSansNeo_TTF_original/SpoqaHanSansNeo-Medium.ttf"; sourceTree = "<group>"; fileEncoding = undefined; lastKnownFileType = unknown; explicitFileType = undefined; includeInIndex = 0; };
		D6D91EC89FAB4347AEB2967A /* SpoqaHanSansNeo-Regular.ttf */ = {isa = PBXFileReference; name = "SpoqaHanSansNeo-Regular.ttf"; path = "../android/app/assets/fonts/SpoqaHanSansNeo_TTF_original/SpoqaHanSansNeo-Regular.ttf"; sourceTree = "<group>"; fileEncoding = undefined; lastKnownFileType = unknown; explicitFileType = undefined; includeInIndex = 0; };
		623A6D50CBC04C958D254244 /* SpoqaHanSansNeo-Thin.ttf */ = {isa = PBXFileReference; name = "SpoqaHanSansNeo-Thin.ttf"; path = "../android/app/assets/fonts/SpoqaHanSansNeo_TTF_original/SpoqaHanSansNeo-Thin.ttf"; sourceTree = "<group>"; fileEncoding = undefined; lastKnownFileType = unknown; explicitFileType = undefined; includeInIndex = 0; };
		5916E5613BD84A8DAC8FD0AD /* LICENSE */ = {isa = PBXFileReference; name = "LICENSE"; path = "../android/app/assets/fonts/LICENSE"; sourceTree = "<group>"; fileEncoding = undefined; lastKnownFileType = unknown; explicitFileType = undefined; includeInIndex = 0; };
		9BAF0F73B80D4F4D86F477B5 /* SpoqaHanSansNeo-Bold.eot */ = {isa = PBXFileReference; name = "SpoqaHanSansNeo-Bold.eot"; path = "../android/app/assets/fonts/SpoqaHanSansNeo_OTF_subset/SpoqaHanSansNeo-Bold.eot"; sourceTree = "<group>"; fileEncoding = undefined; lastKnownFileType = unknown; explicitFileType = undefined; includeInIndex = 0; };
		052EBBEF19D147E99BDDE64A /* SpoqaHanSansNeo-Bold.woff */ = {isa = PBXFileReference; name = "SpoqaHanSansNeo-Bold.woff"; path = "../android/app/assets/fonts/SpoqaHanSansNeo_OTF_subset/SpoqaHanSansNeo-Bold.woff"; sourceTree = "<group>"; fileEncoding = undefined; lastKnownFileType = unknown; explicitFileType = undefined; includeInIndex = 0; };
		B2F98C28B85E484C8BA01FF0 /* SpoqaHanSansNeo-Bold.woff2 */ = {isa = PBXFileReference; name = "SpoqaHanSansNeo-Bold.woff2"; path = "../android/app/assets/fonts/SpoqaHanSansNeo_OTF_subset/SpoqaHanSansNeo-Bold.woff2"; sourceTree = "<group>"; fileEncoding = undefined; lastKnownFileType = unknown; explicitFileType = undefined; includeInIndex = 0; };
		FF6915BF97E744EEBC2BD203 /* SpoqaHanSansNeo-Light.eot */ = {isa = PBXFileReference; name = "SpoqaHanSansNeo-Light.eot"; path = "../android/app/assets/fonts/SpoqaHanSansNeo_OTF_subset/SpoqaHanSansNeo-Light.eot"; sourceTree = "<group>"; fileEncoding = undefined; lastKnownFileType = unknown; explicitFileType = undefined; includeInIndex = 0; };
		0114B18EBD5F43C9B8106B2A /* SpoqaHanSansNeo-Light.woff */ = {isa = PBXFileReference; name = "SpoqaHanSansNeo-Light.woff"; path = "../android/app/assets/fonts/SpoqaHanSansNeo_OTF_subset/SpoqaHanSansNeo-Light.woff"; sourceTree = "<group>"; fileEncoding = undefined; lastKnownFileType = unknown; explicitFileType = undefined; includeInIndex = 0; };
		55A1AD6A22B24C3BA0907D4D /* SpoqaHanSansNeo-Light.woff2 */ = {isa = PBXFileReference; name = "SpoqaHanSansNeo-Light.woff2"; path = "../android/app/assets/fonts/SpoqaHanSansNeo_OTF_subset/SpoqaHanSansNeo-Light.woff2"; sourceTree = "<group>"; fileEncoding = undefined; lastKnownFileType = unknown; explicitFileType = undefined; includeInIndex = 0; };
		9DD9C429183646738EABD4E6 /* SpoqaHanSansNeo-Medium.eot */ = {isa = PBXFileReference; name = "SpoqaHanSansNeo-Medium.eot"; path = "../android/app/assets/fonts/SpoqaHanSansNeo_OTF_subset/SpoqaHanSansNeo-Medium.eot"; sourceTree = "<group>"; fileEncoding = undefined; lastKnownFileType = unknown; explicitFileType = undefined; includeInIndex = 0; };
		1F94385ECBA7495889863A26 /* SpoqaHanSansNeo-Medium.woff */ = {isa = PBXFileReference; name = "SpoqaHanSansNeo-Medium.woff"; path = "../android/app/assets/fonts/SpoqaHanSansNeo_OTF_subset/SpoqaHanSansNeo-Medium.woff"; sourceTree = "<group>"; fileEncoding = undefined; lastKnownFileType = unknown; explicitFileType = undefined; includeInIndex = 0; };
		32079EB57FBB4239965D93F2 /* SpoqaHanSansNeo-Medium.woff2 */ = {isa = PBXFileReference; name = "SpoqaHanSansNeo-Medium.woff2"; path = "../android/app/assets/fonts/SpoqaHanSansNeo_OTF_subset/SpoqaHanSansNeo-Medium.woff2"; sourceTree = "<group>"; fileEncoding = undefined; lastKnownFileType = unknown; explicitFileType = undefined; includeInIndex = 0; };
		7A6592789DA74F1DB7916D2D /* SpoqaHanSansNeo-Regular.eot */ = {isa = PBXFileReference; name = "SpoqaHanSansNeo-Regular.eot"; path = "../android/app/assets/fonts/SpoqaHanSansNeo_OTF_subset/SpoqaHanSansNeo-Regular.eot"; sourceTree = "<group>"; fileEncoding = undefined; lastKnownFileType = unknown; explicitFileType = undefined; includeInIndex = 0; };
		4EACFCF054014F1181D4A907 /* SpoqaHanSansNeo-Regular.woff */ = {isa = PBXFileReference; name = "SpoqaHanSansNeo-Regular.woff"; path = "../android/app/assets/fonts/SpoqaHanSansNeo_OTF_subset/SpoqaHanSansNeo-Regular.woff"; sourceTree = "<group>"; fileEncoding = undefined; lastKnownFileType = unknown; explicitFileType = undefined; includeInIndex = 0; };
		02FD1CCCB94D42E2A430B92D /* SpoqaHanSansNeo-Regular.woff2 */ = {isa = PBXFileReference; name = "SpoqaHanSansNeo-Regular.woff2"; path = "../android/app/assets/fonts/SpoqaHanSansNeo_OTF_subset/SpoqaHanSansNeo-Regular.woff2"; sourceTree = "<group>"; fileEncoding = undefined; lastKnownFileType = unknown; explicitFileType = undefined; includeInIndex = 0; };
		60274C68A6C84F89A71DC62D /* SpoqaHanSansNeo-Thin.eot */ = {isa = PBXFileReference; name = "SpoqaHanSansNeo-Thin.eot"; path = "../android/app/assets/fonts/SpoqaHanSansNeo_OTF_subset/SpoqaHanSansNeo-Thin.eot"; sourceTree = "<group>"; fileEncoding = undefined; lastKnownFileType = unknown; explicitFileType = undefined; includeInIndex = 0; };
		F47A7D3B5AFC44C99F58D50A /* SpoqaHanSansNeo-Thin.woff */ = {isa = PBXFileReference; name = "SpoqaHanSansNeo-Thin.woff"; path = "../android/app/assets/fonts/SpoqaHanSansNeo_OTF_subset/SpoqaHanSansNeo-Thin.woff"; sourceTree = "<group>"; fileEncoding = undefined; lastKnownFileType = unknown; explicitFileType = undefined; includeInIndex = 0; };
		417611DBCDE64C1FAAECE495 /* SpoqaHanSansNeo-Thin.woff2 */ = {isa = PBXFileReference; name = "SpoqaHanSansNeo-Thin.woff2"; path = "../android/app/assets/fonts/SpoqaHanSansNeo_OTF_subset/SpoqaHanSansNeo-Thin.woff2"; sourceTree = "<group>"; fileEncoding = undefined; lastKnownFileType = unknown; explicitFileType = undefined; includeInIndex = 0; };
/* End PBXFileReference section */

/* Begin PBXFrameworksBuildPhase section */
		00E356EB1AD99517003FC87E /* Frameworks */ = {
			isa = PBXFrameworksBuildPhase;
			buildActionMask = 2147483647;
			files = (
				7699B88040F8A987B510C191 /* libPods-isthisteam-isthisteamTests.a in Frameworks */,
			);
			runOnlyForDeploymentPostprocessing = 0;
		};
		13B07F8C1A680F5B00A75B9A /* Frameworks */ = {
			isa = PBXFrameworksBuildPhase;
			buildActionMask = 2147483647;
			files = (
				0C80B921A6F3F58F76C31292 /* libPods-isthisteam.a in Frameworks */,
			);
			runOnlyForDeploymentPostprocessing = 0;
		};
/* End PBXFrameworksBuildPhase section */

/* Begin PBXGroup section */
		00E356EF1AD99517003FC87E /* isthisteamTests */ = {
			isa = PBXGroup;
			children = (
				00E356F21AD99517003FC87E /* isthisteamTests.m */,
				00E356F01AD99517003FC87E /* Supporting Files */,
			);
			path = isthisteamTests;
			sourceTree = "<group>";
		};
		00E356F01AD99517003FC87E /* Supporting Files */ = {
			isa = PBXGroup;
			children = (
				00E356F11AD99517003FC87E /* Info.plist */,
			);
			name = "Supporting Files";
			sourceTree = "<group>";
		};
		13B07FAE1A68108700A75B9A /* isthisteam */ = {
			isa = PBXGroup;
			children = (
				13B07FAF1A68108700A75B9A /* AppDelegate.h */,
				13B07FB01A68108700A75B9A /* AppDelegate.mm */,
				13B07FB51A68108700A75B9A /* Images.xcassets */,
				13B07FB61A68108700A75B9A /* Info.plist */,
				81AB9BB72411601600AC10FF /* LaunchScreen.storyboard */,
				13B07FB71A68108700A75B9A /* main.m */,
			);
			name = isthisteam;
			sourceTree = "<group>";
		};
		2D16E6871FA4F8E400B85C8A /* Frameworks */ = {
			isa = PBXGroup;
			children = (
				ED297162215061F000B7C4FE /* JavaScriptCore.framework */,
				5DCACB8F33CDC322A6C60F78 /* libPods-isthisteam.a */,
				19F6CBCC0A4E27FBF8BF4A61 /* libPods-isthisteam-isthisteamTests.a */,
			);
			name = Frameworks;
			sourceTree = "<group>";
		};
		832341AE1AAA6A7D00B99B32 /* Libraries */ = {
			isa = PBXGroup;
			children = (
			);
			name = Libraries;
			sourceTree = "<group>";
		};
		83CBB9F61A601CBA00E9B192 = {
			isa = PBXGroup;
			children = (
				13B07FAE1A68108700A75B9A /* isthisteam */,
				832341AE1AAA6A7D00B99B32 /* Libraries */,
				00E356EF1AD99517003FC87E /* isthisteamTests */,
				83CBBA001A601CBA00E9B192 /* Products */,
				2D16E6871FA4F8E400B85C8A /* Frameworks */,
				BBD78D7AC51CEA395F1C20DB /* Pods */,
				5C57AC2D38C94F9E90F8168C /* Resources */,
			);
			indentWidth = 2;
			sourceTree = "<group>";
			tabWidth = 2;
			usesTabs = 0;
		};
		83CBBA001A601CBA00E9B192 /* Products */ = {
			isa = PBXGroup;
			children = (
				13B07F961A680F5B00A75B9A /* isthisteam.app */,
				00E356EE1AD99517003FC87E /* isthisteamTests.xctest */,
			);
			name = Products;
			sourceTree = "<group>";
		};
		BBD78D7AC51CEA395F1C20DB /* Pods */ = {
			isa = PBXGroup;
			children = (
				3B4392A12AC88292D35C810B /* Pods-isthisteam.debug.xcconfig */,
				5709B34CF0A7D63546082F79 /* Pods-isthisteam.release.xcconfig */,
				5B7EB9410499542E8C5724F5 /* Pods-isthisteam-isthisteamTests.debug.xcconfig */,
				89C6BE57DB24E9ADA2F236DE /* Pods-isthisteam-isthisteamTests.release.xcconfig */,
			);
			path = Pods;
			sourceTree = "<group>";
		};
		5C57AC2D38C94F9E90F8168C /* Resources */ = {
			isa = "PBXGroup";
			children = (
				0633ED8DA641488B9FCF3169 /* SpoqaHanSansNeo-Bold.otf */,
				5118D488FA6D4BBF9B08E090 /* SpoqaHanSansNeo-Light.otf */,
				04F6D5D380234D3AB7CF72B4 /* SpoqaHanSansNeo-Medium.otf */,
				16E4054AA3754D058DBA5A2A /* SpoqaHanSansNeo-Regular.otf */,
				55E0200B8EA9472F88A11CCC /* SpoqaHanSansNeo-Thin.otf */,
				78EBF00DF92D4792AF63ACB5 /* SpoqaHanSansNeo-Bold.ttf */,
				9AB826FEBC0D496CA1D126C8 /* SpoqaHanSansNeo-Light.ttf */,
				72C643A23C7B4568AF01DCF8 /* SpoqaHanSansNeo-Medium.ttf */,
				D6D91EC89FAB4347AEB2967A /* SpoqaHanSansNeo-Regular.ttf */,
				623A6D50CBC04C958D254244 /* SpoqaHanSansNeo-Thin.ttf */,
				5916E5613BD84A8DAC8FD0AD /* LICENSE */,
				9BAF0F73B80D4F4D86F477B5 /* SpoqaHanSansNeo-Bold.eot */,
				052EBBEF19D147E99BDDE64A /* SpoqaHanSansNeo-Bold.woff */,
				B2F98C28B85E484C8BA01FF0 /* SpoqaHanSansNeo-Bold.woff2 */,
				FF6915BF97E744EEBC2BD203 /* SpoqaHanSansNeo-Light.eot */,
				0114B18EBD5F43C9B8106B2A /* SpoqaHanSansNeo-Light.woff */,
				55A1AD6A22B24C3BA0907D4D /* SpoqaHanSansNeo-Light.woff2 */,
				9DD9C429183646738EABD4E6 /* SpoqaHanSansNeo-Medium.eot */,
				1F94385ECBA7495889863A26 /* SpoqaHanSansNeo-Medium.woff */,
				32079EB57FBB4239965D93F2 /* SpoqaHanSansNeo-Medium.woff2 */,
				7A6592789DA74F1DB7916D2D /* SpoqaHanSansNeo-Regular.eot */,
				4EACFCF054014F1181D4A907 /* SpoqaHanSansNeo-Regular.woff */,
				02FD1CCCB94D42E2A430B92D /* SpoqaHanSansNeo-Regular.woff2 */,
				60274C68A6C84F89A71DC62D /* SpoqaHanSansNeo-Thin.eot */,
				F47A7D3B5AFC44C99F58D50A /* SpoqaHanSansNeo-Thin.woff */,
				417611DBCDE64C1FAAECE495 /* SpoqaHanSansNeo-Thin.woff2 */,
			);
			name = Resources;
			sourceTree = "<group>";
			path = "";
		};
/* End PBXGroup section */

/* Begin PBXNativeTarget section */
		00E356ED1AD99517003FC87E /* isthisteamTests */ = {
			isa = PBXNativeTarget;
			buildConfigurationList = 00E357021AD99517003FC87E /* Build configuration list for PBXNativeTarget "isthisteamTests" */;
			buildPhases = (
				A55EABD7B0C7F3A422A6CC61 /* [CP] Check Pods Manifest.lock */,
				00E356EA1AD99517003FC87E /* Sources */,
				00E356EB1AD99517003FC87E /* Frameworks */,
				00E356EC1AD99517003FC87E /* Resources */,
				C59DA0FBD6956966B86A3779 /* [CP] Embed Pods Frameworks */,
				F6A41C54EA430FDDC6A6ED99 /* [CP] Copy Pods Resources */,
			);
			buildRules = (
			);
			dependencies = (
				00E356F51AD99517003FC87E /* PBXTargetDependency */,
			);
			name = isthisteamTests;
			productName = isthisteamTests;
			productReference = 00E356EE1AD99517003FC87E /* isthisteamTests.xctest */;
			productType = "com.apple.product-type.bundle.unit-test";
		};
		13B07F861A680F5B00A75B9A /* isthisteam */ = {
			isa = PBXNativeTarget;
			buildConfigurationList = 13B07F931A680F5B00A75B9A /* Build configuration list for PBXNativeTarget "isthisteam" */;
			buildPhases = (
				C38B50BA6285516D6DCD4F65 /* [CP] Check Pods Manifest.lock */,
				FD10A7F022414F080027D42C /* Start Packager */,
				13B07F871A680F5B00A75B9A /* Sources */,
				13B07F8C1A680F5B00A75B9A /* Frameworks */,
				13B07F8E1A680F5B00A75B9A /* Resources */,
				00DD1BFF1BD5951E006B06BC /* Bundle React Native code and images */,
				00EEFC60759A1932668264C0 /* [CP] Embed Pods Frameworks */,
				E235C05ADACE081382539298 /* [CP] Copy Pods Resources */,
			);
			buildRules = (
			);
			dependencies = (
			);
			name = isthisteam;
			productName = isthisteam;
			productReference = 13B07F961A680F5B00A75B9A /* isthisteam.app */;
			productType = "com.apple.product-type.application";
		};
/* End PBXNativeTarget section */

/* Begin PBXProject section */
		83CBB9F71A601CBA00E9B192 /* Project object */ = {
			isa = PBXProject;
			attributes = {
				LastUpgradeCheck = 1210;
				TargetAttributes = {
					00E356ED1AD99517003FC87E = {
						CreatedOnToolsVersion = 6.2;
						TestTargetID = 13B07F861A680F5B00A75B9A;
					};
					13B07F861A680F5B00A75B9A = {
						LastSwiftMigration = 1120;
					};
				};
			};
			buildConfigurationList = 83CBB9FA1A601CBA00E9B192 /* Build configuration list for PBXProject "isthisteam" */;
			compatibilityVersion = "Xcode 12.0";
			developmentRegion = en;
			hasScannedForEncodings = 0;
			knownRegions = (
				en,
				Base,
			);
			mainGroup = 83CBB9F61A601CBA00E9B192;
			productRefGroup = 83CBBA001A601CBA00E9B192 /* Products */;
			projectDirPath = "";
			projectRoot = "";
			targets = (
				13B07F861A680F5B00A75B9A /* isthisteam */,
				00E356ED1AD99517003FC87E /* isthisteamTests */,
			);
		};
/* End PBXProject section */

/* Begin PBXResourcesBuildPhase section */
		00E356EC1AD99517003FC87E /* Resources */ = {
			isa = PBXResourcesBuildPhase;
			buildActionMask = 2147483647;
			files = (
			);
			runOnlyForDeploymentPostprocessing = 0;
		};
		13B07F8E1A680F5B00A75B9A /* Resources */ = {
			isa = PBXResourcesBuildPhase;
			buildActionMask = 2147483647;
			files = (
				81AB9BB82411601600AC10FF /* LaunchScreen.storyboard in Resources */,
				13B07FBF1A68108700A75B9A /* Images.xcassets in Resources */,
				26E85EA0FCAA4DF4982A154B /* SpoqaHanSansNeo-Bold.otf in Resources */,
				351126135FC34054A6206E6A /* SpoqaHanSansNeo-Light.otf in Resources */,
				DBF506569159447A99C94597 /* SpoqaHanSansNeo-Medium.otf in Resources */,
				8B4AFD578BE84ADCB306E855 /* SpoqaHanSansNeo-Regular.otf in Resources */,
				77246D59781040F380FEE6A2 /* SpoqaHanSansNeo-Thin.otf in Resources */,
				7AAEEE999B714E94AA5EA392 /* SpoqaHanSansNeo-Bold.ttf in Resources */,
				EDC5CD2D077842D68EC22202 /* SpoqaHanSansNeo-Light.ttf in Resources */,
				B0342AB7DC3541A3B6096030 /* SpoqaHanSansNeo-Medium.ttf in Resources */,
				A8E1E1FF1ACE46C29059EA7A /* SpoqaHanSansNeo-Regular.ttf in Resources */,
				A326BB60B10E4F67B0EE8543 /* SpoqaHanSansNeo-Thin.ttf in Resources */,
				82EAFDF2C2574967BF2851E2 /* LICENSE in Resources */,
				8F4E7CE6FEDE40BDA57F36D2 /* SpoqaHanSansNeo-Bold.eot in Resources */,
				2988F19C6C024B988E4831F9 /* SpoqaHanSansNeo-Bold.woff in Resources */,
				452FFAE85E2F42C89D106191 /* SpoqaHanSansNeo-Bold.woff2 in Resources */,
				84F5C39A8C0A4EE2874A5A1D /* SpoqaHanSansNeo-Light.eot in Resources */,
				C4C3E81076BD4FD9BF17EDCF /* SpoqaHanSansNeo-Light.woff in Resources */,
				AE443A6828C442B79D7E0C14 /* SpoqaHanSansNeo-Light.woff2 in Resources */,
				A952868832374B3DA1996989 /* SpoqaHanSansNeo-Medium.eot in Resources */,
				C9C00EA704074ACE8CF2C5D1 /* SpoqaHanSansNeo-Medium.woff in Resources */,
				5DDE984088744F2F98557C93 /* SpoqaHanSansNeo-Medium.woff2 in Resources */,
				32C3BE2724844330B1C0F17A /* SpoqaHanSansNeo-Regular.eot in Resources */,
				501825166F7845B5899CE12B /* SpoqaHanSansNeo-Regular.woff in Resources */,
				BDBC9079F4EB411D867893A8 /* SpoqaHanSansNeo-Regular.woff2 in Resources */,
				2A8982D0FE6C4FAABFD2386C /* SpoqaHanSansNeo-Thin.eot in Resources */,
				0872298DF15043409141ADC1 /* SpoqaHanSansNeo-Thin.woff in Resources */,
				1C5D8D9896AD4AA696218309 /* SpoqaHanSansNeo-Thin.woff2 in Resources */,
			);
			runOnlyForDeploymentPostprocessing = 0;
		};
/* End PBXResourcesBuildPhase section */

/* Begin PBXShellScriptBuildPhase section */
		00DD1BFF1BD5951E006B06BC /* Bundle React Native code and images */ = {
			isa = PBXShellScriptBuildPhase;
			buildActionMask = 2147483647;
			files = (
			);
			inputPaths = (
				"$(SRCROOT)/.xcode.env.local",
				"$(SRCROOT)/.xcode.env",
			);
			name = "Bundle React Native code and images";
			outputPaths = (
			);
			runOnlyForDeploymentPostprocessing = 0;
			shellPath = /bin/sh;
			shellScript = "set -e\n\nWITH_ENVIRONMENT=\"../node_modules/react-native/scripts/xcode/with-environment.sh\"\nREACT_NATIVE_XCODE=\"../node_modules/react-native/scripts/react-native-xcode.sh\"\n\n/bin/sh -c \"$WITH_ENVIRONMENT $REACT_NATIVE_XCODE\"\n";
		};
		00EEFC60759A1932668264C0 /* [CP] Embed Pods Frameworks */ = {
			isa = PBXShellScriptBuildPhase;
			buildActionMask = 2147483647;
			files = (
			);
			inputFileListPaths = (
				"${PODS_ROOT}/Target Support Files/Pods-isthisteam/Pods-isthisteam-frameworks-${CONFIGURATION}-input-files.xcfilelist",
			);
			name = "[CP] Embed Pods Frameworks";
			outputFileListPaths = (
				"${PODS_ROOT}/Target Support Files/Pods-isthisteam/Pods-isthisteam-frameworks-${CONFIGURATION}-output-files.xcfilelist",
			);
			runOnlyForDeploymentPostprocessing = 0;
			shellPath = /bin/sh;
			shellScript = "\"${PODS_ROOT}/Target Support Files/Pods-isthisteam/Pods-isthisteam-frameworks.sh\"\n";
			showEnvVarsInLog = 0;
		};
		A55EABD7B0C7F3A422A6CC61 /* [CP] Check Pods Manifest.lock */ = {
			isa = PBXShellScriptBuildPhase;
			buildActionMask = 2147483647;
			files = (
			);
			inputFileListPaths = (
			);
			inputPaths = (
				"${PODS_PODFILE_DIR_PATH}/Podfile.lock",
				"${PODS_ROOT}/Manifest.lock",
			);
			name = "[CP] Check Pods Manifest.lock";
			outputFileListPaths = (
			);
			outputPaths = (
				"$(DERIVED_FILE_DIR)/Pods-isthisteam-isthisteamTests-checkManifestLockResult.txt",
			);
			runOnlyForDeploymentPostprocessing = 0;
			shellPath = /bin/sh;
			shellScript = "diff \"${PODS_PODFILE_DIR_PATH}/Podfile.lock\" \"${PODS_ROOT}/Manifest.lock\" > /dev/null\nif [ $? != 0 ] ; then\n    # print error to STDERR\n    echo \"error: The sandbox is not in sync with the Podfile.lock. Run 'pod install' or update your CocoaPods installation.\" >&2\n    exit 1\nfi\n# This output is used by Xcode 'outputs' to avoid re-running this script phase.\necho \"SUCCESS\" > \"${SCRIPT_OUTPUT_FILE_0}\"\n";
			showEnvVarsInLog = 0;
		};
		C38B50BA6285516D6DCD4F65 /* [CP] Check Pods Manifest.lock */ = {
			isa = PBXShellScriptBuildPhase;
			buildActionMask = 2147483647;
			files = (
			);
			inputFileListPaths = (
			);
			inputPaths = (
				"${PODS_PODFILE_DIR_PATH}/Podfile.lock",
				"${PODS_ROOT}/Manifest.lock",
			);
			name = "[CP] Check Pods Manifest.lock";
			outputFileListPaths = (
			);
			outputPaths = (
				"$(DERIVED_FILE_DIR)/Pods-isthisteam-checkManifestLockResult.txt",
			);
			runOnlyForDeploymentPostprocessing = 0;
			shellPath = /bin/sh;
			shellScript = "diff \"${PODS_PODFILE_DIR_PATH}/Podfile.lock\" \"${PODS_ROOT}/Manifest.lock\" > /dev/null\nif [ $? != 0 ] ; then\n    # print error to STDERR\n    echo \"error: The sandbox is not in sync with the Podfile.lock. Run 'pod install' or update your CocoaPods installation.\" >&2\n    exit 1\nfi\n# This output is used by Xcode 'outputs' to avoid re-running this script phase.\necho \"SUCCESS\" > \"${SCRIPT_OUTPUT_FILE_0}\"\n";
			showEnvVarsInLog = 0;
		};
		C59DA0FBD6956966B86A3779 /* [CP] Embed Pods Frameworks */ = {
			isa = PBXShellScriptBuildPhase;
			buildActionMask = 2147483647;
			files = (
			);
			inputFileListPaths = (
				"${PODS_ROOT}/Target Support Files/Pods-isthisteam-isthisteamTests/Pods-isthisteam-isthisteamTests-frameworks-${CONFIGURATION}-input-files.xcfilelist",
			);
			name = "[CP] Embed Pods Frameworks";
			outputFileListPaths = (
				"${PODS_ROOT}/Target Support Files/Pods-isthisteam-isthisteamTests/Pods-isthisteam-isthisteamTests-frameworks-${CONFIGURATION}-output-files.xcfilelist",
			);
			runOnlyForDeploymentPostprocessing = 0;
			shellPath = /bin/sh;
			shellScript = "\"${PODS_ROOT}/Target Support Files/Pods-isthisteam-isthisteamTests/Pods-isthisteam-isthisteamTests-frameworks.sh\"\n";
			showEnvVarsInLog = 0;
		};
		E235C05ADACE081382539298 /* [CP] Copy Pods Resources */ = {
			isa = PBXShellScriptBuildPhase;
			buildActionMask = 2147483647;
			files = (
			);
			inputFileListPaths = (
				"${PODS_ROOT}/Target Support Files/Pods-isthisteam/Pods-isthisteam-resources-${CONFIGURATION}-input-files.xcfilelist",
			);
			name = "[CP] Copy Pods Resources";
			outputFileListPaths = (
				"${PODS_ROOT}/Target Support Files/Pods-isthisteam/Pods-isthisteam-resources-${CONFIGURATION}-output-files.xcfilelist",
			);
			runOnlyForDeploymentPostprocessing = 0;
			shellPath = /bin/sh;
			shellScript = "\"${PODS_ROOT}/Target Support Files/Pods-isthisteam/Pods-isthisteam-resources.sh\"\n";
			showEnvVarsInLog = 0;
		};
		F6A41C54EA430FDDC6A6ED99 /* [CP] Copy Pods Resources */ = {
			isa = PBXShellScriptBuildPhase;
			buildActionMask = 2147483647;
			files = (
			);
			inputFileListPaths = (
				"${PODS_ROOT}/Target Support Files/Pods-isthisteam-isthisteamTests/Pods-isthisteam-isthisteamTests-resources-${CONFIGURATION}-input-files.xcfilelist",
			);
			name = "[CP] Copy Pods Resources";
			outputFileListPaths = (
				"${PODS_ROOT}/Target Support Files/Pods-isthisteam-isthisteamTests/Pods-isthisteam-isthisteamTests-resources-${CONFIGURATION}-output-files.xcfilelist",
			);
			runOnlyForDeploymentPostprocessing = 0;
			shellPath = /bin/sh;
			shellScript = "\"${PODS_ROOT}/Target Support Files/Pods-isthisteam-isthisteamTests/Pods-isthisteam-isthisteamTests-resources.sh\"\n";
			showEnvVarsInLog = 0;
		};
		FD10A7F022414F080027D42C /* Start Packager */ = {
			isa = PBXShellScriptBuildPhase;
			buildActionMask = 2147483647;
			files = (
			);
			inputFileListPaths = (
			);
			inputPaths = (
			);
			name = "Start Packager";
			outputFileListPaths = (
			);
			outputPaths = (
			);
			runOnlyForDeploymentPostprocessing = 0;
			shellPath = /bin/sh;
			shellScript = "export RCT_METRO_PORT=\"${RCT_METRO_PORT:=8081}\"\necho \"export RCT_METRO_PORT=${RCT_METRO_PORT}\" > \"${SRCROOT}/../node_modules/react-native/scripts/.packager.env\"\nif [ -z \"${RCT_NO_LAUNCH_PACKAGER+xxx}\" ] ; then\n  if nc -w 5 -z localhost ${RCT_METRO_PORT} ; then\n    if ! curl -s \"http://localhost:${RCT_METRO_PORT}/status\" | grep -q \"packager-status:running\" ; then\n      echo \"Port ${RCT_METRO_PORT} already in use, packager is either not running or not running correctly\"\n      exit 2\n    fi\n  else\n    open \"$SRCROOT/../node_modules/react-native/scripts/launchPackager.command\" || echo \"Can't start packager automatically\"\n  fi\nfi\n";
			showEnvVarsInLog = 0;
		};
/* End PBXShellScriptBuildPhase section */

/* Begin PBXSourcesBuildPhase section */
		00E356EA1AD99517003FC87E /* Sources */ = {
			isa = PBXSourcesBuildPhase;
			buildActionMask = 2147483647;
			files = (
				00E356F31AD99517003FC87E /* isthisteamTests.m in Sources */,
			);
			runOnlyForDeploymentPostprocessing = 0;
		};
		13B07F871A680F5B00A75B9A /* Sources */ = {
			isa = PBXSourcesBuildPhase;
			buildActionMask = 2147483647;
			files = (
				13B07FBC1A68108700A75B9A /* AppDelegate.mm in Sources */,
				13B07FC11A68108700A75B9A /* main.m in Sources */,
			);
			runOnlyForDeploymentPostprocessing = 0;
		};
/* End PBXSourcesBuildPhase section */

/* Begin PBXTargetDependency section */
		00E356F51AD99517003FC87E /* PBXTargetDependency */ = {
			isa = PBXTargetDependency;
			target = 13B07F861A680F5B00A75B9A /* isthisteam */;
			targetProxy = 00E356F41AD99517003FC87E /* PBXContainerItemProxy */;
		};
/* End PBXTargetDependency section */

/* Begin XCBuildConfiguration section */
		00E356F61AD99517003FC87E /* Debug */ = {
			isa = XCBuildConfiguration;
			baseConfigurationReference = 5B7EB9410499542E8C5724F5 /* Pods-isthisteam-isthisteamTests.debug.xcconfig */;
			buildSettings = {
				BUNDLE_LOADER = "$(TEST_HOST)";
				GCC_PREPROCESSOR_DEFINITIONS = (
					"DEBUG=1",
					"$(inherited)",
				);
				INFOPLIST_FILE = isthisteamTests/Info.plist;
				IPHONEOS_DEPLOYMENT_TARGET = 12.4;
				LD_RUNPATH_SEARCH_PATHS = (
					"$(inherited)",
					"@executable_path/Frameworks",
					"@loader_path/Frameworks",
				);
				OTHER_LDFLAGS = (
					"-ObjC",
					"-lc++",
					"$(inherited)",
				);
				PRODUCT_BUNDLE_IDENTIFIER = "org.reactjs.native.example.$(PRODUCT_NAME:rfc1034identifier)";
				PRODUCT_NAME = "$(TARGET_NAME)";
				TEST_HOST = "$(BUILT_PRODUCTS_DIR)/isthisteam.app/isthisteam";
			};
			name = Debug;
		};
		00E356F71AD99517003FC87E /* Release */ = {
			isa = XCBuildConfiguration;
			baseConfigurationReference = 89C6BE57DB24E9ADA2F236DE /* Pods-isthisteam-isthisteamTests.release.xcconfig */;
			buildSettings = {
				BUNDLE_LOADER = "$(TEST_HOST)";
				COPY_PHASE_STRIP = NO;
				INFOPLIST_FILE = isthisteamTests/Info.plist;
				IPHONEOS_DEPLOYMENT_TARGET = 12.4;
				LD_RUNPATH_SEARCH_PATHS = (
					"$(inherited)",
					"@executable_path/Frameworks",
					"@loader_path/Frameworks",
				);
				OTHER_LDFLAGS = (
					"-ObjC",
					"-lc++",
					"$(inherited)",
				);
				PRODUCT_BUNDLE_IDENTIFIER = "org.reactjs.native.example.$(PRODUCT_NAME:rfc1034identifier)";
				PRODUCT_NAME = "$(TARGET_NAME)";
				TEST_HOST = "$(BUILT_PRODUCTS_DIR)/isthisteam.app/isthisteam";
			};
			name = Release;
		};
		13B07F941A680F5B00A75B9A /* Debug */ = {
			isa = XCBuildConfiguration;
			baseConfigurationReference = 3B4392A12AC88292D35C810B /* Pods-isthisteam.debug.xcconfig */;
			buildSettings = {
				ASSETCATALOG_COMPILER_APPICON_NAME = AppIcon;
				CLANG_ENABLE_MODULES = YES;
				CURRENT_PROJECT_VERSION = 1;
				ENABLE_BITCODE = NO;
				INFOPLIST_FILE = isthisteam/Info.plist;
				LD_RUNPATH_SEARCH_PATHS = (
					"$(inherited)",
					"@executable_path/Frameworks",
				);
				MARKETING_VERSION = 1.0;
				OTHER_LDFLAGS = (
					"$(inherited)",
					"-ObjC",
					"-lc++",
				);
				PRODUCT_BUNDLE_IDENTIFIER = "org.reactjs.native.example.$(PRODUCT_NAME:rfc1034identifier)";
				PRODUCT_NAME = isthisteam;
				SWIFT_OPTIMIZATION_LEVEL = "-Onone";
				SWIFT_VERSION = 5.0;
				VERSIONING_SYSTEM = "apple-generic";
			};
			name = Debug;
		};
		13B07F951A680F5B00A75B9A /* Release */ = {
			isa = XCBuildConfiguration;
			baseConfigurationReference = 5709B34CF0A7D63546082F79 /* Pods-isthisteam.release.xcconfig */;
			buildSettings = {
				ASSETCATALOG_COMPILER_APPICON_NAME = AppIcon;
				CLANG_ENABLE_MODULES = YES;
				CURRENT_PROJECT_VERSION = 1;
				INFOPLIST_FILE = isthisteam/Info.plist;
				LD_RUNPATH_SEARCH_PATHS = (
					"$(inherited)",
					"@executable_path/Frameworks",
				);
				MARKETING_VERSION = 1.0;
				OTHER_LDFLAGS = (
					"$(inherited)",
					"-ObjC",
					"-lc++",
				);
				PRODUCT_BUNDLE_IDENTIFIER = "org.reactjs.native.example.$(PRODUCT_NAME:rfc1034identifier)";
				PRODUCT_NAME = isthisteam;
				SWIFT_VERSION = 5.0;
				VERSIONING_SYSTEM = "apple-generic";
			};
			name = Release;
		};
		83CBBA201A601CBA00E9B192 /* Debug */ = {
			isa = XCBuildConfiguration;
			buildSettings = {
				ALWAYS_SEARCH_USER_PATHS = NO;
				CLANG_ANALYZER_LOCALIZABILITY_NONLOCALIZED = YES;
				CLANG_CXX_LANGUAGE_STANDARD = "c++17";
				CLANG_CXX_LIBRARY = "libc++";
				CLANG_ENABLE_MODULES = YES;
				CLANG_ENABLE_OBJC_ARC = YES;
				CLANG_WARN_BLOCK_CAPTURE_AUTORELEASING = YES;
				CLANG_WARN_BOOL_CONVERSION = YES;
				CLANG_WARN_COMMA = YES;
				CLANG_WARN_CONSTANT_CONVERSION = YES;
				CLANG_WARN_DEPRECATED_OBJC_IMPLEMENTATIONS = YES;
				CLANG_WARN_DIRECT_OBJC_ISA_USAGE = YES_ERROR;
				CLANG_WARN_EMPTY_BODY = YES;
				CLANG_WARN_ENUM_CONVERSION = YES;
				CLANG_WARN_INFINITE_RECURSION = YES;
				CLANG_WARN_INT_CONVERSION = YES;
				CLANG_WARN_NON_LITERAL_NULL_CONVERSION = YES;
				CLANG_WARN_OBJC_IMPLICIT_RETAIN_SELF = YES;
				CLANG_WARN_OBJC_LITERAL_CONVERSION = YES;
				CLANG_WARN_OBJC_ROOT_CLASS = YES_ERROR;
				CLANG_WARN_QUOTED_INCLUDE_IN_FRAMEWORK_HEADER = YES;
				CLANG_WARN_RANGE_LOOP_ANALYSIS = YES;
				CLANG_WARN_STRICT_PROTOTYPES = YES;
				CLANG_WARN_SUSPICIOUS_MOVE = YES;
				CLANG_WARN_UNREACHABLE_CODE = YES;
				CLANG_WARN__DUPLICATE_METHOD_MATCH = YES;
				"CODE_SIGN_IDENTITY[sdk=iphoneos*]" = "iPhone Developer";
				COPY_PHASE_STRIP = NO;
				ENABLE_STRICT_OBJC_MSGSEND = YES;
				ENABLE_TESTABILITY = YES;
				"EXCLUDED_ARCHS[sdk=iphonesimulator*]" = "";
				GCC_C_LANGUAGE_STANDARD = gnu99;
				GCC_DYNAMIC_NO_PIC = NO;
				GCC_NO_COMMON_BLOCKS = YES;
				GCC_OPTIMIZATION_LEVEL = 0;
				GCC_PREPROCESSOR_DEFINITIONS = (
					"DEBUG=1",
					"$(inherited)",
				);
				GCC_SYMBOLS_PRIVATE_EXTERN = NO;
				GCC_WARN_64_TO_32_BIT_CONVERSION = YES;
				GCC_WARN_ABOUT_RETURN_TYPE = YES_ERROR;
				GCC_WARN_UNDECLARED_SELECTOR = YES;
				GCC_WARN_UNINITIALIZED_AUTOS = YES_AGGRESSIVE;
				GCC_WARN_UNUSED_FUNCTION = YES;
				GCC_WARN_UNUSED_VARIABLE = YES;
				IPHONEOS_DEPLOYMENT_TARGET = 12.4;
				LD_RUNPATH_SEARCH_PATHS = (
					/usr/lib/swift,
					"$(inherited)",
				);
				LIBRARY_SEARCH_PATHS = (
					"\"$(SDKROOT)/usr/lib/swift\"",
					"\"$(TOOLCHAIN_DIR)/usr/lib/swift/$(PLATFORM_NAME)\"",
					"\"$(inherited)\"",
				);
				MTL_ENABLE_DEBUG_INFO = YES;
				ONLY_ACTIVE_ARCH = YES;
				OTHER_CPLUSPLUSFLAGS = (
					"$(OTHER_CFLAGS)",
					"-DFOLLY_NO_CONFIG",
					"-DFOLLY_MOBILE=1",
					"-DFOLLY_USE_LIBCPP=1",
				);
				SDKROOT = iphoneos;
			};
			name = Debug;
		};
		83CBBA211A601CBA00E9B192 /* Release */ = {
			isa = XCBuildConfiguration;
			buildSettings = {
				ALWAYS_SEARCH_USER_PATHS = NO;
				CLANG_ANALYZER_LOCALIZABILITY_NONLOCALIZED = YES;
				CLANG_CXX_LANGUAGE_STANDARD = "c++17";
				CLANG_CXX_LIBRARY = "libc++";
				CLANG_ENABLE_MODULES = YES;
				CLANG_ENABLE_OBJC_ARC = YES;
				CLANG_WARN_BLOCK_CAPTURE_AUTORELEASING = YES;
				CLANG_WARN_BOOL_CONVERSION = YES;
				CLANG_WARN_COMMA = YES;
				CLANG_WARN_CONSTANT_CONVERSION = YES;
				CLANG_WARN_DEPRECATED_OBJC_IMPLEMENTATIONS = YES;
				CLANG_WARN_DIRECT_OBJC_ISA_USAGE = YES_ERROR;
				CLANG_WARN_EMPTY_BODY = YES;
				CLANG_WARN_ENUM_CONVERSION = YES;
				CLANG_WARN_INFINITE_RECURSION = YES;
				CLANG_WARN_INT_CONVERSION = YES;
				CLANG_WARN_NON_LITERAL_NULL_CONVERSION = YES;
				CLANG_WARN_OBJC_IMPLICIT_RETAIN_SELF = YES;
				CLANG_WARN_OBJC_LITERAL_CONVERSION = YES;
				CLANG_WARN_OBJC_ROOT_CLASS = YES_ERROR;
				CLANG_WARN_QUOTED_INCLUDE_IN_FRAMEWORK_HEADER = YES;
				CLANG_WARN_RANGE_LOOP_ANALYSIS = YES;
				CLANG_WARN_STRICT_PROTOTYPES = YES;
				CLANG_WARN_SUSPICIOUS_MOVE = YES;
				CLANG_WARN_UNREACHABLE_CODE = YES;
				CLANG_WARN__DUPLICATE_METHOD_MATCH = YES;
				"CODE_SIGN_IDENTITY[sdk=iphoneos*]" = "iPhone Developer";
				COPY_PHASE_STRIP = YES;
				ENABLE_NS_ASSERTIONS = NO;
				ENABLE_STRICT_OBJC_MSGSEND = YES;
				"EXCLUDED_ARCHS[sdk=iphonesimulator*]" = "";
				GCC_C_LANGUAGE_STANDARD = gnu99;
				GCC_NO_COMMON_BLOCKS = YES;
				GCC_WARN_64_TO_32_BIT_CONVERSION = YES;
				GCC_WARN_ABOUT_RETURN_TYPE = YES_ERROR;
				GCC_WARN_UNDECLARED_SELECTOR = YES;
				GCC_WARN_UNINITIALIZED_AUTOS = YES_AGGRESSIVE;
				GCC_WARN_UNUSED_FUNCTION = YES;
				GCC_WARN_UNUSED_VARIABLE = YES;
				IPHONEOS_DEPLOYMENT_TARGET = 12.4;
				LD_RUNPATH_SEARCH_PATHS = (
					/usr/lib/swift,
					"$(inherited)",
				);
				LIBRARY_SEARCH_PATHS = (
					"\"$(SDKROOT)/usr/lib/swift\"",
					"\"$(TOOLCHAIN_DIR)/usr/lib/swift/$(PLATFORM_NAME)\"",
					"\"$(inherited)\"",
				);
				MTL_ENABLE_DEBUG_INFO = NO;
				OTHER_CPLUSPLUSFLAGS = (
					"$(OTHER_CFLAGS)",
					"-DFOLLY_NO_CONFIG",
					"-DFOLLY_MOBILE=1",
					"-DFOLLY_USE_LIBCPP=1",
				);
				SDKROOT = iphoneos;
				VALIDATE_PRODUCT = YES;
			};
			name = Release;
		};
/* End XCBuildConfiguration section */

/* Begin XCConfigurationList section */
		00E357021AD99517003FC87E /* Build configuration list for PBXNativeTarget "isthisteamTests" */ = {
			isa = XCConfigurationList;
			buildConfigurations = (
				00E356F61AD99517003FC87E /* Debug */,
				00E356F71AD99517003FC87E /* Release */,
			);
			defaultConfigurationIsVisible = 0;
			defaultConfigurationName = Release;
		};
		13B07F931A680F5B00A75B9A /* Build configuration list for PBXNativeTarget "isthisteam" */ = {
			isa = XCConfigurationList;
			buildConfigurations = (
				13B07F941A680F5B00A75B9A /* Debug */,
				13B07F951A680F5B00A75B9A /* Release */,
			);
			defaultConfigurationIsVisible = 0;
			defaultConfigurationName = Release;
		};
		83CBB9FA1A601CBA00E9B192 /* Build configuration list for PBXProject "isthisteam" */ = {
			isa = XCConfigurationList;
			buildConfigurations = (
				83CBBA201A601CBA00E9B192 /* Debug */,
				83CBBA211A601CBA00E9B192 /* Release */,
			);
			defaultConfigurationIsVisible = 0;
			defaultConfigurationName = Release;
		};
/* End XCConfigurationList section */
	};
	rootObject = 83CBB9F71A601CBA00E9B192 /* Project object */;
}
